// !$*UTF8*$!
{
	archiveVersion = 1;
	classes = {
	};
	objectVersion = 55;
	objects = {

/* Begin PBXBuildFile section */
		9DF30DD4284D20540041AED9 /* MyFizzBuzzApp.swift in Sources */ = {isa = PBXBuildFile; fileRef = 9DF30DC4284D20530041AED9 /* MyFizzBuzzApp.swift */; };
		9DF30DD5284D20540041AED9 /* MyFizzBuzzApp.swift in Sources */ = {isa = PBXBuildFile; fileRef = 9DF30DC4284D20530041AED9 /* MyFizzBuzzApp.swift */; };
		9DF30DD6284D20540041AED9 /* MyFizzBuzzView.swift in Sources */ = {isa = PBXBuildFile; fileRef = 9DF30DC5284D20530041AED9 /* MyFizzBuzzView.swift */; };
		9DF30DD7284D20540041AED9 /* MyFizzBuzzView.swift in Sources */ = {isa = PBXBuildFile; fileRef = 9DF30DC5284D20530041AED9 /* MyFizzBuzzView.swift */; };
		9DF30DD8284D20540041AED9 /* Assets.xcassets in Resources */ = {isa = PBXBuildFile; fileRef = 9DF30DC6284D20540041AED9 /* Assets.xcassets */; };
		9DF30DD9284D20540041AED9 /* Assets.xcassets in Resources */ = {isa = PBXBuildFile; fileRef = 9DF30DC6284D20540041AED9 /* Assets.xcassets */; };
		9DF30DE3284D20C40041AED9 /* MyFizzBuzz.swift in Sources */ = {isa = PBXBuildFile; fileRef = 9DF30DE2284D20C40041AED9 /* MyFizzBuzz.swift */; };
		9DF30DE4284D20C40041AED9 /* MyFizzBuzz.swift in Sources */ = {isa = PBXBuildFile; fileRef = 9DF30DE2284D20C40041AED9 /* MyFizzBuzz.swift */; };
		9DF30DE6284D4F150041AED9 /* MyFizzBuzzStore.swift in Sources */ = {isa = PBXBuildFile; fileRef = 9DF30DE5284D4F150041AED9 /* MyFizzBuzzStore.swift */; };
		9DF30DE7284D4F150041AED9 /* MyFizzBuzzStore.swift in Sources */ = {isa = PBXBuildFile; fileRef = 9DF30DE5284D4F150041AED9 /* MyFizzBuzzStore.swift */; };
/* End PBXBuildFile section */

/* Begin PBXFileReference section */
		9DF30DC4284D20530041AED9 /* MyFizzBuzzApp.swift */ = {isa = PBXFileReference; lastKnownFileType = sourcecode.swift; path = MyFizzBuzzApp.swift; sourceTree = "<group>"; };
		9DF30DC5284D20530041AED9 /* MyFizzBuzzView.swift */ = {isa = PBXFileReference; lastKnownFileType = sourcecode.swift; path = MyFizzBuzzView.swift; sourceTree = "<group>"; };
		9DF30DC6284D20540041AED9 /* Assets.xcassets */ = {isa = PBXFileReference; lastKnownFileType = folder.assetcatalog; path = Assets.xcassets; sourceTree = "<group>"; };
		9DF30DCB284D20540041AED9 /* MyFizzBuzz.app */ = {isa = PBXFileReference; explicitFileType = wrapper.application; includeInIndex = 0; path = MyFizzBuzz.app; sourceTree = BUILT_PRODUCTS_DIR; };
		9DF30DD1284D20540041AED9 /* MyFizzBuzz.app */ = {isa = PBXFileReference; explicitFileType = wrapper.application; includeInIndex = 0; path = MyFizzBuzz.app; sourceTree = BUILT_PRODUCTS_DIR; };
		9DF30DD3284D20540041AED9 /* macOS.entitlements */ = {isa = PBXFileReference; lastKnownFileType = text.plist.entitlements; path = macOS.entitlements; sourceTree = "<group>"; };
		9DF30DE2284D20C40041AED9 /* MyFizzBuzz.swift */ = {isa = PBXFileReference; lastKnownFileType = sourcecode.swift; path = MyFizzBuzz.swift; sourceTree = "<group>"; };
		9DF30DE5284D4F150041AED9 /* MyFizzBuzzStore.swift */ = {isa = PBXFileReference; lastKnownFileType = sourcecode.swift; path = MyFizzBuzzStore.swift; sourceTree = "<group>"; };
/* End PBXFileReference section */

/* Begin PBXFrameworksBuildPhase section */
		9DF30DC8284D20540041AED9 /* Frameworks */ = {
			isa = PBXFrameworksBuildPhase;
			buildActionMask = 2147483647;
			files = (
			);
			runOnlyForDeploymentPostprocessing = 0;
		};
		9DF30DCE284D20540041AED9 /* Frameworks */ = {
			isa = PBXFrameworksBuildPhase;
			buildActionMask = 2147483647;
			files = (
			);
			runOnlyForDeploymentPostprocessing = 0;
		};
/* End PBXFrameworksBuildPhase section */

/* Begin PBXGroup section */
		9DF30DBE284D20530041AED9 = {
			isa = PBXGroup;
			children = (
				9DF30DC3284D20530041AED9 /* Shared */,
				9DF30DD2284D20540041AED9 /* macOS */,
				9DF30DCC284D20540041AED9 /* Products */,
			);
			sourceTree = "<group>";
		};
		9DF30DC3284D20530041AED9 /* Shared */ = {
			isa = PBXGroup;
			children = (
				9DF30DC4284D20530041AED9 /* MyFizzBuzzApp.swift */,
				9DF30DC5284D20530041AED9 /* MyFizzBuzzView.swift */,
				9DF30DE2284D20C40041AED9 /* MyFizzBuzz.swift */,
				9DF30DE5284D4F150041AED9 /* MyFizzBuzzStore.swift */,
				9DF30DC6284D20540041AED9 /* Assets.xcassets */,
			);
			path = Shared;
			sourceTree = "<group>";
		};
		9DF30DCC284D20540041AED9 /* Products */ = {
			isa = PBXGroup;
			children = (
				9DF30DCB284D20540041AED9 /* MyFizzBuzz.app */,
				9DF30DD1284D20540041AED9 /* MyFizzBuzz.app */,
			);
			name = Products;
			sourceTree = "<group>";
		};
		9DF30DD2284D20540041AED9 /* macOS */ = {
			isa = PBXGroup;
			children = (
				9DF30DD3284D20540041AED9 /* macOS.entitlements */,
			);
			path = macOS;
			sourceTree = "<group>";
		};
/* End PBXGroup section */

/* Begin PBXNativeTarget section */
		9DF30DCA284D20540041AED9 /* MyFizzBuzz (iOS) */ = {
			isa = PBXNativeTarget;
			buildConfigurationList = 9DF30DDC284D20540041AED9 /* Build configuration list for PBXNativeTarget "MyFizzBuzz (iOS)" */;
			buildPhases = (
				9DF30DC7284D20540041AED9 /* Sources */,
				9DF30DC8284D20540041AED9 /* Frameworks */,
				9DF30DC9284D20540041AED9 /* Resources */,
			);
			buildRules = (
			);
			dependencies = (
			);
			name = "MyFizzBuzz (iOS)";
			productName = "MyFizzBuzz (iOS)";
			productReference = 9DF30DCB284D20540041AED9 /* MyFizzBuzz.app */;
			productType = "com.apple.product-type.application";
		};
		9DF30DD0284D20540041AED9 /* MyFizzBuzz (macOS) */ = {
			isa = PBXNativeTarget;
			buildConfigurationList = 9DF30DDF284D20540041AED9 /* Build configuration list for PBXNativeTarget "MyFizzBuzz (macOS)" */;
			buildPhases = (
				9DF30DCD284D20540041AED9 /* Sources */,
				9DF30DCE284D20540041AED9 /* Frameworks */,
				9DF30DCF284D20540041AED9 /* Resources */,
			);
			buildRules = (
			);
			dependencies = (
			);
			name = "MyFizzBuzz (macOS)";
			productName = "MyFizzBuzz (macOS)";
			productReference = 9DF30DD1284D20540041AED9 /* MyFizzBuzz.app */;
			productType = "com.apple.product-type.application";
		};
/* End PBXNativeTarget section */

/* Begin PBXProject section */
		9DF30DBF284D20530041AED9 /* Project object */ = {
			isa = PBXProject;
			attributes = {
				BuildIndependentTargetsInParallel = 1;
				LastSwiftUpdateCheck = 1340;
				LastUpgradeCheck = 1340;
				TargetAttributes = {
					9DF30DCA284D20540041AED9 = {
						CreatedOnToolsVersion = 13.4;
					};
					9DF30DD0284D20540041AED9 = {
						CreatedOnToolsVersion = 13.4;
					};
				};
			};
			buildConfigurationList = 9DF30DC2284D20530041AED9 /* Build configuration list for PBXProject "MyFizzBuzz" */;
			compatibilityVersion = "Xcode 13.0";
			developmentRegion = en;
			hasScannedForEncodings = 0;
			knownRegions = (
				en,
				Base,
			);
			mainGroup = 9DF30DBE284D20530041AED9;
			productRefGroup = 9DF30DCC284D20540041AED9 /* Products */;
			projectDirPath = "";
			projectRoot = "";
			targets = (
				9DF30DCA284D20540041AED9 /* MyFizzBuzz (iOS) */,
				9DF30DD0284D20540041AED9 /* MyFizzBuzz (macOS) */,
			);
		};
/* End PBXProject section */

/* Begin PBXResourcesBuildPhase section */
		9DF30DC9284D20540041AED9 /* Resources */ = {
			isa = PBXResourcesBuildPhase;
			buildActionMask = 2147483647;
			files = (
				9DF30DD8284D20540041AED9 /* Assets.xcassets in Resources */,
			);
			runOnlyForDeploymentPostprocessing = 0;
		};
		9DF30DCF284D20540041AED9 /* Resources */ = {
			isa = PBXResourcesBuildPhase;
			buildActionMask = 2147483647;
			files = (
				9DF30DD9284D20540041AED9 /* Assets.xcassets in Resources */,
			);
			runOnlyForDeploymentPostprocessing = 0;
		};
/* End PBXResourcesBuildPhase section */

/* Begin PBXSourcesBuildPhase section */
		9DF30DC7284D20540041AED9 /* Sources */ = {
			isa = PBXSourcesBuildPhase;
			buildActionMask = 2147483647;
			files = (
				9DF30DD6284D20540041AED9 /* MyFizzBuzzView.swift in Sources */,
				9DF30DE6284D4F150041AED9 /* MyFizzBuzzStore.swift in Sources */,
				9DF30DE3284D20C40041AED9 /* MyFizzBuzz.swift in Sources */,
				9DF30DD4284D20540041AED9 /* MyFizzBuzzApp.swift in Sources */,
			);
			runOnlyForDeploymentPostprocessing = 0;
		};
		9DF30DCD284D20540041AED9 /* Sources */ = {
			isa = PBXSourcesBuildPhase;
			buildActionMask = 2147483647;
			files = (
				9DF30DD7284D20540041AED9 /* MyFizzBuzzView.swift in Sources */,
				9DF30DE7284D4F150041AED9 /* MyFizzBuzzStore.swift in Sources */,
				9DF30DE4284D20C40041AED9 /* MyFizzBuzz.swift in Sources */,
				9DF30DD5284D20540041AED9 /* MyFizzBuzzApp.swift in Sources */,
			);
			runOnlyForDeploymentPostprocessing = 0;
		};
/* End PBXSourcesBuildPhase section */

/* Begin XCBuildConfiguration section */
		9DF30DDA284D20540041AED9 /* Debug */ = {
			isa = XCBuildConfiguration;
			buildSettings = {
				ALWAYS_SEARCH_USER_PATHS = NO;
				CLANG_ANALYZER_NONNULL = YES;
				CLANG_ANALYZER_NUMBER_OBJECT_CONVERSION = YES_AGGRESSIVE;
				CLANG_CXX_LANGUAGE_STANDARD = "gnu++17";
				CLANG_ENABLE_MODULES = YES;
				CLANG_ENABLE_OBJC_ARC = YES;
				CLANG_ENABLE_OBJC_WEAK = YES;
				CLANG_WARN_BLOCK_CAPTURE_AUTORELEASING = YES;
				CLANG_WARN_BOOL_CONVERSION = YES;
				CLANG_WARN_COMMA = YES;
				CLANG_WARN_CONSTANT_CONVERSION = YES;
				CLANG_WARN_DEPRECATED_OBJC_IMPLEMENTATIONS = YES;
				CLANG_WARN_DIRECT_OBJC_ISA_USAGE = YES_ERROR;
				CLANG_WARN_DOCUMENTATION_COMMENTS = YES;
				CLANG_WARN_EMPTY_BODY = YES;
				CLANG_WARN_ENUM_CONVERSION = YES;
				CLANG_WARN_INFINITE_RECURSION = YES;
				CLANG_WARN_INT_CONVERSION = YES;
				CLANG_WARN_NON_LITERAL_NULL_CONVERSION = YES;
				CLANG_WARN_OBJC_IMPLICIT_RETAIN_SELF = YES;
				CLANG_WARN_OBJC_LITERAL_CONVERSION = YES;
				CLANG_WARN_OBJC_ROOT_CLASS = YES_ERROR;
				CLANG_WARN_QUOTED_INCLUDE_IN_FRAMEWORK_HEADER = YES;
				CLANG_WARN_RANGE_LOOP_ANALYSIS = YES;
				CLANG_WARN_STRICT_PROTOTYPES = YES;
				CLANG_WARN_SUSPICIOUS_MOVE = YES;
				CLANG_WARN_UNGUARDED_AVAILABILITY = YES_AGGRESSIVE;
				CLANG_WARN_UNREACHABLE_CODE = YES;
				CLANG_WARN__DUPLICATE_METHOD_MATCH = YES;
				COPY_PHASE_STRIP = NO;
				DEBUG_INFORMATION_FORMAT = dwarf;
				ENABLE_STRICT_OBJC_MSGSEND = YES;
				ENABLE_TESTABILITY = YES;
				GCC_C_LANGUAGE_STANDARD = gnu11;
				GCC_DYNAMIC_NO_PIC = NO;
				GCC_NO_COMMON_BLOCKS = YES;
				GCC_OPTIMIZATION_LEVEL = 0;
				GCC_PREPROCESSOR_DEFINITIONS = (
					"DEBUG=1",
					"$(inherited)",
				);
				GCC_WARN_64_TO_32_BIT_CONVERSION = YES;
				GCC_WARN_ABOUT_RETURN_TYPE = YES_ERROR;
				GCC_WARN_UNDECLARED_SELECTOR = YES;
				GCC_WARN_UNINITIALIZED_AUTOS = YES_AGGRESSIVE;
				GCC_WARN_UNUSED_FUNCTION = YES;
				GCC_WARN_UNUSED_VARIABLE = YES;
				MTL_ENABLE_DEBUG_INFO = INCLUDE_SOURCE;
				MTL_FAST_MATH = YES;
				ONLY_ACTIVE_ARCH = YES;
				SWIFT_ACTIVE_COMPILATION_CONDITIONS = DEBUG;
				SWIFT_OPTIMIZATION_LEVEL = "-Onone";
			};
			name = Debug;
		};
		9DF30DDB284D20540041AED9 /* Release */ = {
			isa = XCBuildConfiguration;
			buildSettings = {
				ALWAYS_SEARCH_USER_PATHS = NO;
				CLANG_ANALYZER_NONNULL = YES;
				CLANG_ANALYZER_NUMBER_OBJECT_CONVERSION = YES_AGGRESSIVE;
				CLANG_CXX_LANGUAGE_STANDARD = "gnu++17";
				CLANG_ENABLE_MODULES = YES;
				CLANG_ENABLE_OBJC_ARC = YES;
				CLANG_ENABLE_OBJC_WEAK = YES;
				CLANG_WARN_BLOCK_CAPTURE_AUTORELEASING = YES;
				CLANG_WARN_BOOL_CONVERSION = YES;
				CLANG_WARN_COMMA = YES;
				CLANG_WARN_CONSTANT_CONVERSION = YES;
				CLANG_WARN_DEPRECATED_OBJC_IMPLEMENTATIONS = YES;
				CLANG_WARN_DIRECT_OBJC_ISA_USAGE = YES_ERROR;
				CLANG_WARN_DOCUMENTATION_COMMENTS = YES;
				CLANG_WARN_EMPTY_BODY = YES;
				CLANG_WARN_ENUM_CONVERSION = YES;
				CLANG_WARN_INFINITE_RECURSION = YES;
				CLANG_WARN_INT_CONVERSION = YES;
				CLANG_WARN_NON_LITERAL_NULL_CONVERSION = YES;
				CLANG_WARN_OBJC_IMPLICIT_RETAIN_SELF = YES;
				CLANG_WARN_OBJC_LITERAL_CONVERSION = YES;
				CLANG_WARN_OBJC_ROOT_CLASS = YES_ERROR;
				CLANG_WARN_QUOTED_INCLUDE_IN_FRAMEWORK_HEADER = YES;
				CLANG_WARN_RANGE_LOOP_ANALYSIS = YES;
				CLANG_WARN_STRICT_PROTOTYPES = YES;
				CLANG_WARN_SUSPICIOUS_MOVE = YES;
				CLANG_WARN_UNGUARDED_AVAILABILITY = YES_AGGRESSIVE;
				CLANG_WARN_UNREACHABLE_CODE = YES;
				CLANG_WARN__DUPLICATE_METHOD_MATCH = YES;
				COPY_PHASE_STRIP = NO;
				DEBUG_INFORMATION_FORMAT = "dwarf-with-dsym";
				ENABLE_NS_ASSERTIONS = NO;
				ENABLE_STRICT_OBJC_MSGSEND = YES;
				GCC_C_LANGUAGE_STANDARD = gnu11;
				GCC_NO_COMMON_BLOCKS = YES;
				GCC_WARN_64_TO_32_BIT_CONVERSION = YES;
				GCC_WARN_ABOUT_RETURN_TYPE = YES_ERROR;
				GCC_WARN_UNDECLARED_SELECTOR = YES;
				GCC_WARN_UNINITIALIZED_AUTOS = YES_AGGRESSIVE;
				GCC_WARN_UNUSED_FUNCTION = YES;
				GCC_WARN_UNUSED_VARIABLE = YES;
				MTL_ENABLE_DEBUG_INFO = NO;
				MTL_FAST_MATH = YES;
				SWIFT_COMPILATION_MODE = wholemodule;
				SWIFT_OPTIMIZATION_LEVEL = "-O";
			};
			name = Release;
		};
		9DF30DDD284D20540041AED9 /* Debug */ = {
			isa = XCBuildConfiguration;
			buildSettings = {
				ASSETCATALOG_COMPILER_APPICON_NAME = AppIcon;
				ASSETCATALOG_COMPILER_GLOBAL_ACCENT_COLOR_NAME = AccentColor;
				CODE_SIGN_STYLE = Automatic;
				CURRENT_PROJECT_VERSION = 20220606;
				DEVELOPMENT_TEAM = 4MZ8DH8Y8D;
				ENABLE_PREVIEWS = YES;
				GENERATE_INFOPLIST_FILE = YES;
				INFOPLIST_KEY_UIApplicationSceneManifest_Generation = YES;
				INFOPLIST_KEY_UIApplicationSupportsIndirectInputEvents = YES;
				INFOPLIST_KEY_UILaunchScreen_Generation = YES;
				INFOPLIST_KEY_UISupportedInterfaceOrientations_iPad = "UIInterfaceOrientationPortrait UIInterfaceOrientationPortraitUpsideDown UIInterfaceOrientationLandscapeLeft UIInterfaceOrientationLandscapeRight";
				INFOPLIST_KEY_UISupportedInterfaceOrientations_iPhone = "UIInterfaceOrientationPortrait UIInterfaceOrientationLandscapeLeft UIInterfaceOrientationLandscapeRight";
				IPHONEOS_DEPLOYMENT_TARGET = 15.5;
				LD_RUNPATH_SEARCH_PATHS = (
					"$(inherited)",
					"@executable_path/Frameworks",
				);
				MARKETING_VERSION = 0.1;
				PRODUCT_BUNDLE_IDENTIFIER = com.allangarcia.MyFizzBuzz;
				PRODUCT_NAME = MyFizzBuzz;
				SDKROOT = iphoneos;
				SWIFT_EMIT_LOC_STRINGS = YES;
				SWIFT_VERSION = 5.0;
				TARGETED_DEVICE_FAMILY = "1,2";
			};
			name = Debug;
		};
		9DF30DDE284D20540041AED9 /* Release */ = {
			isa = XCBuildConfiguration;
			buildSettings = {
				ASSETCATALOG_COMPILER_APPICON_NAME = AppIcon;
				ASSETCATALOG_COMPILER_GLOBAL_ACCENT_COLOR_NAME = AccentColor;
				CODE_SIGN_STYLE = Automatic;
				CURRENT_PROJECT_VERSION = 20220606;
				DEVELOPMENT_TEAM = 4MZ8DH8Y8D;
				ENABLE_PREVIEWS = YES;
				GENERATE_INFOPLIST_FILE = YES;
				INFOPLIST_KEY_UIApplicationSceneManifest_Generation = YES;
				INFOPLIST_KEY_UIApplicationSupportsIndirectInputEvents = YES;
				INFOPLIST_KEY_UILaunchScreen_Generation = YES;
				INFOPLIST_KEY_UISupportedInterfaceOrientations_iPad = "UIInterfaceOrientationPortrait UIInterfaceOrientationPortraitUpsideDown UIInterfaceOrientationLandscapeLeft UIInterfaceOrientationLandscapeRight";
				INFOPLIST_KEY_UISupportedInterfaceOrientations_iPhone = "UIInterfaceOrientationPortrait UIInterfaceOrientationLandscapeLeft UIInterfaceOrientationLandscapeRight";
				IPHONEOS_DEPLOYMENT_TARGET = 15.5;
				LD_RUNPATH_SEARCH_PATHS = (
					"$(inherited)",
					"@executable_path/Frameworks",
				);
				MARKETING_VERSION = 0.1;
				PRODUCT_BUNDLE_IDENTIFIER = com.allangarcia.MyFizzBuzz;
				PRODUCT_NAME = MyFizzBuzz;
				SDKROOT = iphoneos;
				SWIFT_EMIT_LOC_STRINGS = YES;
				SWIFT_VERSION = 5.0;
				TARGETED_DEVICE_FAMILY = "1,2";
				VALIDATE_PRODUCT = YES;
			};
			name = Release;
		};
		9DF30DE0284D20540041AED9 /* Debug */ = {
			isa = XCBuildConfiguration;
			buildSettings = {
				ASSETCATALOG_COMPILER_APPICON_NAME = AppIcon;
				ASSETCATALOG_COMPILER_GLOBAL_ACCENT_COLOR_NAME = AccentColor;
				CODE_SIGN_ENTITLEMENTS = macOS/macOS.entitlements;
				CODE_SIGN_STYLE = Automatic;
				COMBINE_HIDPI_IMAGES = YES;
				CURRENT_PROJECT_VERSION = 1;
				DEVELOPMENT_TEAM = 4MZ8DH8Y8D;
				ENABLE_HARDENED_RUNTIME = YES;
				ENABLE_PREVIEWS = YES;
				GENERATE_INFOPLIST_FILE = YES;
				INFOPLIST_KEY_NSHumanReadableCopyright = "";
				LD_RUNPATH_SEARCH_PATHS = (
					"$(inherited)",
					"@executable_path/../Frameworks",
				);
				MACOSX_DEPLOYMENT_TARGET = 12.3;
				MARKETING_VERSION = 1.0;
				PRODUCT_BUNDLE_IDENTIFIER = com.allangarcia.MyFizzBuzz.MyFizzBuzz;
				PRODUCT_NAME = MyFizzBuzz;
				SDKROOT = macosx;
				SWIFT_EMIT_LOC_STRINGS = YES;
				SWIFT_VERSION = 5.0;
			};
			name = Debug;
		};
		9DF30DE1284D20540041AED9 /* Release */ = {
			isa = XCBuildConfiguration;
			buildSettings = {
				ASSETCATALOG_COMPILER_APPICON_NAME = AppIcon;
				ASSETCATALOG_COMPILER_GLOBAL_ACCENT_COLOR_NAME = AccentColor;
				CODE_SIGN_ENTITLEMENTS = macOS/macOS.entitlements;
				CODE_SIGN_STYLE = Automatic;
				COMBINE_HIDPI_IMAGES = YES;
				CURRENT_PROJECT_VERSION = 1;
				DEVELOPMENT_TEAM = 4MZ8DH8Y8D;
				ENABLE_HARDENED_RUNTIME = YES;
				ENABLE_PREVIEWS = YES;
				GENERATE_INFOPLIST_FILE = YES;
				INFOPLIST_KEY_NSHumanReadableCopyright = "";
				LD_RUNPATH_SEARCH_PATHS = (
					"$(inherited)",
					"@executable_path/../Frameworks",
				);
				MACOSX_DEPLOYMENT_TARGET = 12.3;
				MARKETING_VERSION = 1.0;
				PRODUCT_BUNDLE_IDENTIFIER = com.allangarcia.MyFizzBuzz.MyFizzBuzz;
				PRODUCT_NAME = MyFizzBuzz;
				SDKROOT = macosx;
				SWIFT_EMIT_LOC_STRINGS = YES;
				SWIFT_VERSION = 5.0;
			};
			name = Release;
		};
/* End XCBuildConfiguration section */

/* Begin XCConfigurationList section */
		9DF30DC2284D20530041AED9 /* Build configuration list for PBXProject "MyFizzBuzz" */ = {
			isa = XCConfigurationList;
			buildConfigurations = (
				9DF30DDA284D20540041AED9 /* Debug */,
				9DF30DDB284D20540041AED9 /* Release */,
			);
			defaultConfigurationIsVisible = 0;
			defaultConfigurationName = Release;
		};
		9DF30DDC284D20540041AED9 /* Build configuration list for PBXNativeTarget "MyFizzBuzz (iOS)" */ = {
			isa = XCConfigurationList;
			buildConfigurations = (
				9DF30DDD284D20540041AED9 /* Debug */,
				9DF30DDE284D20540041AED9 /* Release */,
			);
			defaultConfigurationIsVisible = 0;
			defaultConfigurationName = Release;
		};
		9DF30DDF284D20540041AED9 /* Build configuration list for PBXNativeTarget "MyFizzBuzz (macOS)" */ = {
			isa = XCConfigurationList;
			buildConfigurations = (
				9DF30DE0284D20540041AED9 /* Debug */,
				9DF30DE1284D20540041AED9 /* Release */,
			);
			defaultConfigurationIsVisible = 0;
			defaultConfigurationName = Release;
		};
/* End XCConfigurationList section */
	};
	rootObject = 9DF30DBF284D20530041AED9 /* Project object */;
}
